
Microsoft Visual Studio Solution File, Format Version 12.00
# Visual Studio Version 17
VisualStudioVersion = 17.4.33205.214
MinimumVisualStudioVersion = 10.0.40219.1
Project("{9A19103F-16F7-4668-BE54-9A1E7A4F7556}") = "gpsapka", "gpsapka.csproj", "{36A7F5F0-821F-4060-9116-72956E8C11A6}"
EndProject
Global
	GlobalSection(SolutionConfigurationPlatforms) = preSolution
		Debug|Any CPU = Debug|Any CPU
		Release|Any CPU = Release|Any CPU
	EndGlobalSection
	GlobalSection(ProjectConfigurationPlatforms) = postSolution
		{36A7F5F0-821F-4060-9116-72956E8C11A6}.Debug|Any CPU.ActiveCfg = Debug|Any CPU
		{36A7F5F0-821F-4060-9116-72956E8C11A6}.Debug|Any CPU.Build.0 = Debug|Any CPU
		{36A7F5F0-821F-4060-9116-72956E8C11A6}.Release|Any CPU.ActiveCfg = Release|Any CPU
		{36A7F5F0-821F-4060-9116-72956E8C11A6}.Release|Any CPU.Build.0 = Release|Any CPU
	EndGlobalSection
	GlobalSection(SolutionProperties) = preSolution
		HideSolutionNode = FALSE
	EndGlobalSection
	GlobalSection(ExtensibilityGlobals) = postSolution
		SolutionGuid = {E84A4D97-1EC2-41FC-B5E8-D27306129EFC}
	EndGlobalSection
EndGlobal
